<?xml version="1.0"?>
<CONFIG>
  <ProjectOptions>
    <Version Value="9"/>
    <General>
      <MainUnit Value="0"/>
      <ResourceType Value="res"/>
      <UseXPManifest Value="True"/>
      <Icon Value="0"/>
      <ActiveWindowIndexAtStart Value="0"/>
    </General>
    <i18n>
      <EnableI18N LFM="False"/>
    </i18n>
    <VersionInfo>
      <StringTable ProductVersion=""/>
    </VersionInfo>
    <BuildModes Count="1" Active="Default">
      <Item1 Name="Default" Default="True"/>
    </BuildModes>
    <PublishOptions>
      <Version Value="2"/>
      <IncludeFileFilter Value="*.(pas|pp|inc|lfm|lpr|lrs|lpi|lpk|sh|xml)"/>
      <ExcludeFileFilter Value="*.(bak|ppu|o|so);*~;backup"/>
    </PublishOptions>
    <RunParams>
      <local>
        <FormatVersion Value="1"/>
        <LaunchingApplication PathPlusParams="/usr/bin/xterm -T 'Lazarus Run Output' -e $(LazarusDir)/tools/runwait.sh $(TargetCmdLine)"/>
      </local>
    </RunParams>
    <RequiredPackages Count="1">
      <Item1>
        <PackageName Value="LCL"/>
      </Item1>
    </RequiredPackages>
    <Units Count="3">
      <Unit0>
        <Filename Value="Genetic.lpr"/>
        <IsPartOfProject Value="True"/>
        <UnitName Value="Genetic"/>
        <UsageCount Value="24"/>
      </Unit0>
      <Unit1>
        <Filename Value="GeneticController.pas"/>
        <IsPartOfProject Value="True"/>
        <ComponentName Value="FormGenetic"/>
        <HasResources Value="True"/>
        <ResourceBaseClass Value="Form"/>
        <UnitName Value="GeneticController"/>
        <EditorIndex Value="0"/>
        <WindowIndex Value="0"/>
        <TopLine Value="105"/>
        <CursorPos X="1" Y="128"/>
        <UsageCount Value="24"/>
        <Loaded Value="True"/>
        <LoadedDesigner Value="True"/>
      </Unit1>
      <Unit2>
        <Filename Value="GeneticBrain.pas"/>
        <IsPartOfProject Value="True"/>
        <UnitName Value="GeneticBrain"/>
        <IsVisibleTab Value="True"/>
        <EditorIndex Value="1"/>
        <WindowIndex Value="0"/>
        <TopLine Value="97"/>
        <CursorPos X="3" Y="67"/>
        <UsageCount Value="22"/>
        <Loaded Value="True"/>
      </Unit2>
    </Units>
    <JumpHistory Count="30" HistoryIndex="29">
      <Position1>
        <Filename Value="GeneticController.pas"/>
        <Caret Line="63" Column="34" TopLine="34"/>
      </Position1>
      <Position2>
        <Filename Value="GeneticController.pas"/>
        <Caret Line="58" Column="3" TopLine="38"/>
      </Position2>
      <Position3>
        <Filename Value="GeneticController.pas"/>
        <Caret Line="59" Column="3" TopLine="39"/>
      </Position3>
      <Position4>
        <Filename Value="GeneticController.pas"/>
        <Caret Line="58" Column="3" TopLine="38"/>
      </Position4>
      <Position5>
        <Filename Value="GeneticController.pas"/>
        <Caret Line="62" Column="1" TopLine="33"/>
      </Position5>
      <Position6>
        <Filename Value="GeneticController.pas"/>
        <Caret Line="61" Column="43" TopLine="41"/>
      </Position6>
      <Position7>
        <Filename Value="GeneticController.pas"/>
        <Caret Line="63" Column="49" TopLine="43"/>
      </Position7>
      <Position8>
        <Filename Value="GeneticController.pas"/>
        <Caret Line="66" Column="1" TopLine="44"/>
      </Position8>
      <Position9>
        <Filename Value="GeneticController.pas"/>
        <Caret Line="81" Column="57" TopLine="52"/>
      </Position9>
      <Position10>
        <Filename Value="GeneticController.pas"/>
        <Caret Line="70" Column="37" TopLine="57"/>
      </Position10>
      <Position11>
        <Filename Value="GeneticController.pas"/>
        <Caret Line="77" Column="52" TopLine="61"/>
      </Position11>
      <Position12>
        <Filename Value="GeneticController.pas"/>
        <Caret Line="76" Column="40" TopLine="71"/>
      </Position12>
      <Position13>
        <Filename Value="GeneticController.pas"/>
        <Caret Line="83" Column="14" TopLine="80"/>
      </Position13>
      <Position14>
        <Filename Value="GeneticController.pas"/>
        <Caret Line="43" Column="5" TopLine="29"/>
      </Position14>
      <Position15>
        <Filename Value="GeneticController.pas"/>
        <Caret Line="121" Column="1" TopLine="92"/>
      </Position15>
      <Position16>
        <Filename Value="GeneticBrain.pas"/>
        <Caret Line="106" Column="30" TopLine="84"/>
      </Position16>
      <Position17>
        <Filename Value="GeneticController.pas"/>
        <Caret Line="115" Column="25" TopLine="2"/>
      </Position17>
      <Position18>
        <Filename Value="GeneticBrain.pas"/>
        <Caret Line="106" Column="31" TopLine="88"/>
      </Position18>
      <Position19>
        <Filename Value="GeneticController.pas"/>
        <Caret Line="116" Column="27" TopLine="94"/>
      </Position19>
      <Position20>
        <Filename Value="GeneticController.pas"/>
        <Caret Line="123" Column="3" TopLine="94"/>
      </Position20>
      <Position21>
        <Filename Value="GeneticController.pas"/>
        <Caret Line="121" Column="1" TopLine="99"/>
      </Position21>
      <Position22>
        <Filename Value="GeneticBrain.pas"/>
        <Caret Line="300" Column="1" TopLine="269"/>
      </Position22>
      <Position23>
        <Filename Value="GeneticBrain.pas"/>
        <Caret Line="301" Column="1" TopLine="284"/>
      </Position23>
      <Position24>
        <Filename Value="GeneticController.pas"/>
        <Caret Line="62" Column="34" TopLine="105"/>
      </Position24>
      <Position25>
        <Filename Value="GeneticController.pas"/>
        <Caret Line="128" Column="1" TopLine="105"/>
      </Position25>
      <Position26>
        <Filename Value="GeneticBrain.pas"/>
        <Caret Line="300" Column="1" TopLine="284"/>
      </Position26>
      <Position27>
        <Filename Value="GeneticBrain.pas"/>
        <Caret Line="301" Column="1" TopLine="284"/>
      </Position27>
      <Position28>
        <Filename Value="GeneticBrain.pas"/>
        <Caret Line="302" Column="1" TopLine="284"/>
      </Position28>
      <Position29>
        <Filename Value="GeneticBrain.pas"/>
        <Caret Line="304" Column="19" TopLine="284"/>
      </Position29>
      <Position30>
        <Filename Value="GeneticBrain.pas"/>
        <Caret Line="103" Column="14" TopLine="89"/>
      </Position30>
    </JumpHistory>
  </ProjectOptions>
  <CompilerOptions>
    <Version Value="11"/>
    <Target>
      <Filename Value="Genetic"/>
    </Target>
    <SearchPaths>
      <IncludeFiles Value="$(ProjOutDir)"/>
      <UnitOutputDirectory Value="lib/$(TargetCPU)-$(TargetOS)"/>
    </SearchPaths>
    <Linking>
      <Options>
        <Win32>
          <GraphicApplication Value="True"/>
        </Win32>
      </Options>
    </Linking>
    <Other>
      <CompilerPath Value="$(CompPath)"/>
    </Other>
  </CompilerOptions>
  <Debugging>
    <BreakPoints Count="2">
      <Item1>
        <Kind Value="bpkSource"/>
        <WatchScope Value="wpsLocal"/>
        <WatchKind Value="wpkWrite"/>
        <Source Value="GeneticController.pas"/>
        <Line Value="128"/>
      </Item1>
      <Item2>
        <Kind Value="bpkSource"/>
        <WatchScope Value="wpsLocal"/>
        <WatchKind Value="wpkWrite"/>
        <Source Value="GeneticBrain.pas"/>
        <Line Value="308"/>
      </Item2>
    </BreakPoints>
    <Exceptions Count="3">
      <Item1>
        <Name Value="EAbort"/>
      </Item1>
      <Item2>
        <Name Value="ECodetoolError"/>
      </Item2>
      <Item3>
        <Name Value="EFOpenError"/>
      </Item3>
    </Exceptions>
  </Debugging>
</CONFIG>
